{
  "name": "async-cache",
  "version": "1.0.0",
  "lockfileVersion": 3,
  "requires": true,
  "packages": {
    "": {
      "name": "async-cache",
      "version": "1.0.0",
      "license": "ISC",
      "dependencies": {
        "async-cache-dedupe": "^2.0.0"
      }
    },
    "node_modules/async-cache-dedupe": {
      "version": "2.0.0",
      "resolved": "https://registry.npmjs.org/async-cache-dedupe/-/async-cache-dedupe-2.0.0.tgz",
      "integrity": "sha512-SrW6PbmCHRQBSpPG8mkPIZZC5AgC08sbzl56GyGemBLVdVUl8mQW4+WCYHp5XZfixIdkL40jKf3UlT/P6Q3p5w==",
      "dependencies": {
        "mnemonist": "^0.39.5",
        "safe-stable-stringify": "^2.4.3"
      }
    },
    "node_modules/mnemonist": {
      "version": "0.39.8",
      "resolved": "https://registry.npmjs.org/mnemonist/-/mnemonist-0.39.8.tgz",
      "integrity": "sha512-vyWo2K3fjrUw8YeeZ1zF0fy6Mu59RHokURlld8ymdUPjMlD9EC9ov1/YPqTgqRvUN9nTr3Gqfz29LYAmu0PHPQ==",
      "dependencies": {
        "obliterator": "^2.0.1"
      }
    },
    "node_modules/obliterator": {
      "version": "2.0.4",
      "resolved": "https://registry.npmjs.org/obliterator/-/obliterator-2.0.4.tgz",
      "integrity": "sha512-lgHwxlxV1qIg1Eap7LgIeoBWIMFibOjbrYPIPJZcI1mmGAI2m3lNYpK12Y+GBdPQ0U1hRwSord7GIaawz962qQ=="
    },
    "node_modules/safe-stable-stringify": {
      "version": "2.4.3",
      "resolved": "https://registry.npmjs.org/safe-stable-stringify/-/safe-stable-stringify-2.4.3.tgz",
      "integrity": "sha512-e2bDA2WJT0wxseVd4lsDP4+3ONX6HpMXQa1ZhFQ7SU+GjvORCmShbCMltrtIDfkYhVHrOcPtj+KhmDBdPdZD1g==",
      "engines": {
        "node": ">=10"
      }
    }
  }
}
