{
  "name": "streams",
  "version": "1.0.0",
  "lockfileVersion": 3,
  "requires": true,
  "packages": {
    "": {
      "name": "streams",
      "version": "1.0.0",
      "license": "ISC",
      "dependencies": {
        "syncthrough": "^1.0.0",
        "undici": "^6.6.2"
      }
    },
    "node_modules/@fastify/busboy": {
      "version": "2.1.1",
      "resolved": "https://registry.npmjs.org/@fastify/busboy/-/busboy-2.1.1.tgz",
      "integrity": "sha512-vBZP4NlzfOlerQTnba4aqZoMhE/a9HY7HRqoOPaETQcSQuWEIyZMHGfVu6w9wGtGK5fED5qRs2DteVCjOH60sA==",
      "engines": {
        "node": ">=14"
      }
    },
    "node_modules/syncthrough": {
      "version": "1.0.0",
      "resolved": "https://registry.npmjs.org/syncthrough/-/syncthrough-1.0.0.tgz",
      "integrity": "sha512-m2/bj/9MGPyt0banHJsdTUZsB3nCCbjok6IUj060Y7UTrHvj0qFg8kOXiRHvtFLLZ54lWNdk7mxrfGoAsYH2qg=="
    },
    "node_modules/undici": {
      "version": "6.6.2",
      "resolved": "https://registry.npmjs.org/undici/-/undici-6.6.2.tgz",
      "integrity": "sha512-vSqvUE5skSxQJ5sztTZ/CdeJb1Wq0Hf44hlYMciqHghvz+K88U0l7D6u1VsndoFgskDcnU+nG3gYmMzJVzd9Qg==",
      "dependencies": {
        "@fastify/busboy": "^2.0.0"
      },
      "engines": {
        "node": ">=18.0"
      }
    }
  }
}
